
Microsoft Visual Studio Solution File, Format Version 12.00
# Visual Studio Version 17
VisualStudioVersion = 17.0.31903.59
MinimumVisualStudioVersion = 10.0.40219.1
Project("{FAE04EC0-301F-11D3-BF4B-00C04F79EFBC}") = "API", "API\API.csproj", "{C6B55348-A9E0-4EEB-9BAE-606B7770F4E8}"
EndProject
Project("{FAE04EC0-301F-11D3-BF4B-00C04F79EFBC}") = "Core", "Core\Core.csproj", "{8A769FF5-5F6D-4DC4-A4E6-CD3A415D6FAE}"
EndProject
Project("{FAE04EC0-301F-11D3-BF4B-00C04F79EFBC}") = "Infrastructure", "Infrastructure\Infrastructure.csproj", "{2AD48663-7EDD-4B1A-836C-71F73384D170}"
EndProject
Global
	GlobalSection(SolutionConfigurationPlatforms) = preSolution
		Debug|Any CPU = Debug|Any CPU
		Release|Any CPU = Release|Any CPU
	EndGlobalSection
	GlobalSection(SolutionProperties) = preSolution
		HideSolutionNode = FALSE
	EndGlobalSection
	GlobalSection(ProjectConfigurationPlatforms) = postSolution
		{C6B55348-A9E0-4EEB-9BAE-606B7770F4E8}.Debug|Any CPU.ActiveCfg = Debug|Any CPU
		{C6B55348-A9E0-4EEB-9BAE-606B7770F4E8}.Debug|Any CPU.Build.0 = Debug|Any CPU
		{C6B55348-A9E0-4EEB-9BAE-606B7770F4E8}.Release|Any CPU.ActiveCfg = Release|Any CPU
		{C6B55348-A9E0-4EEB-9BAE-606B7770F4E8}.Release|Any CPU.Build.0 = Release|Any CPU
		{8A769FF5-5F6D-4DC4-A4E6-CD3A415D6FAE}.Debug|Any CPU.ActiveCfg = Debug|Any CPU
		{8A769FF5-5F6D-4DC4-A4E6-CD3A415D6FAE}.Debug|Any CPU.Build.0 = Debug|Any CPU
		{8A769FF5-5F6D-4DC4-A4E6-CD3A415D6FAE}.Release|Any CPU.ActiveCfg = Release|Any CPU
		{8A769FF5-5F6D-4DC4-A4E6-CD3A415D6FAE}.Release|Any CPU.Build.0 = Release|Any CPU
		{2AD48663-7EDD-4B1A-836C-71F73384D170}.Debug|Any CPU.ActiveCfg = Debug|Any CPU
		{2AD48663-7EDD-4B1A-836C-71F73384D170}.Debug|Any CPU.Build.0 = Debug|Any CPU
		{2AD48663-7EDD-4B1A-836C-71F73384D170}.Release|Any CPU.ActiveCfg = Release|Any CPU
		{2AD48663-7EDD-4B1A-836C-71F73384D170}.Release|Any CPU.Build.0 = Release|Any CPU
	EndGlobalSection
EndGlobal
